// !$*UTF8*$!
{
	archiveVersion = 1;
	classes = {
	};
	objectVersion = 56;
	objects = {

/* Begin PBXBuildFile section */
		214099B02A0B649800F846AC /* DetailPageView.swift in Sources */ = {isa = PBXBuildFile; fileRef = 214099AF2A0B649800F846AC /* DetailPageView.swift */; };
		21C8BE682A0CCDE700308BEF /* SearchPageView.swift in Sources */ = {isa = PBXBuildFile; fileRef = 21C8BE672A0CCDE700308BEF /* SearchPageView.swift */; };
		57E8A2572A0B32C300AFFEAA /* BookfelTowerApp.swift in Sources */ = {isa = PBXBuildFile; fileRef = 57E8A2562A0B32C300AFFEAA /* BookfelTowerApp.swift */; };
		57E8A25B2A0B32C400AFFEAA /* Assets.xcassets in Resources */ = {isa = PBXBuildFile; fileRef = 57E8A25A2A0B32C400AFFEAA /* Assets.xcassets */; };
		57E8A25E2A0B32C400AFFEAA /* Preview Assets.xcassets in Resources */ = {isa = PBXBuildFile; fileRef = 57E8A25D2A0B32C400AFFEAA /* Preview Assets.xcassets */; };
		57E8A2682A0B336900AFFEAA /* BookModel.swift in Sources */ = {isa = PBXBuildFile; fileRef = 57E8A2672A0B336900AFFEAA /* BookModel.swift */; };
		57E8A26A2A0B337A00AFFEAA /* BookAPIService.swift in Sources */ = {isa = PBXBuildFile; fileRef = 57E8A2692A0B337A00AFFEAA /* BookAPIService.swift */; };
		57E8A26C2A0B338800AFFEAA /* HomeView.swift in Sources */ = {isa = PBXBuildFile; fileRef = 57E8A26B2A0B338800AFFEAA /* HomeView.swift */; };
		57E8A2742A149ECE00AFFEAA /* searchResult.json in Resources */ = {isa = PBXBuildFile; fileRef = 57E8A2732A149ECE00AFFEAA /* searchResult.json */; };
		57E8A2762A149EF100AFFEAA /* itemResult.json in Resources */ = {isa = PBXBuildFile; fileRef = 57E8A2752A149EF100AFFEAA /* itemResult.json */; };
/* End PBXBuildFile section */

/* Begin PBXFileReference section */
		214099AF2A0B649800F846AC /* DetailPageView.swift */ = {isa = PBXFileReference; lastKnownFileType = sourcecode.swift; path = DetailPageView.swift; sourceTree = "<group>"; };
		21C8BE672A0CCDE700308BEF /* SearchPageView.swift */ = {isa = PBXFileReference; lastKnownFileType = sourcecode.swift; path = SearchPageView.swift; sourceTree = "<group>"; };
		57A2C7362A1DE44F00396FC2 /* Info.plist */ = {isa = PBXFileReference; lastKnownFileType = text.plist; path = Info.plist; sourceTree = "<group>"; };
		57E8A2532A0B32C300AFFEAA /* BookfelTower.app */ = {isa = PBXFileReference; explicitFileType = wrapper.application; includeInIndex = 0; path = BookfelTower.app; sourceTree = BUILT_PRODUCTS_DIR; };
		57E8A2562A0B32C300AFFEAA /* BookfelTowerApp.swift */ = {isa = PBXFileReference; lastKnownFileType = sourcecode.swift; path = BookfelTowerApp.swift; sourceTree = "<group>"; };
		57E8A25A2A0B32C400AFFEAA /* Assets.xcassets */ = {isa = PBXFileReference; lastKnownFileType = folder.assetcatalog; path = Assets.xcassets; sourceTree = "<group>"; };
		57E8A25D2A0B32C400AFFEAA /* Preview Assets.xcassets */ = {isa = PBXFileReference; lastKnownFileType = folder.assetcatalog; path = "Preview Assets.xcassets"; sourceTree = "<group>"; };
		57E8A2672A0B336900AFFEAA /* BookModel.swift */ = {isa = PBXFileReference; lastKnownFileType = sourcecode.swift; path = BookModel.swift; sourceTree = "<group>"; };
		57E8A2692A0B337A00AFFEAA /* BookAPIService.swift */ = {isa = PBXFileReference; lastKnownFileType = sourcecode.swift; path = BookAPIService.swift; sourceTree = "<group>"; };
		57E8A26B2A0B338800AFFEAA /* HomeView.swift */ = {isa = PBXFileReference; lastKnownFileType = sourcecode.swift; path = HomeView.swift; sourceTree = "<group>"; };
		57E8A2732A149ECE00AFFEAA /* searchResult.json */ = {isa = PBXFileReference; lastKnownFileType = text.json; path = searchResult.json; sourceTree = "<group>"; };
		57E8A2752A149EF100AFFEAA /* itemResult.json */ = {isa = PBXFileReference; lastKnownFileType = text.json; path = itemResult.json; sourceTree = "<group>"; };
/* End PBXFileReference section */

/* Begin PBXFrameworksBuildPhase section */
		57E8A2502A0B32C300AFFEAA /* Frameworks */ = {
			isa = PBXFrameworksBuildPhase;
			buildActionMask = 2147483647;
			files = (
			);
			runOnlyForDeploymentPostprocessing = 0;
		};
/* End PBXFrameworksBuildPhase section */

/* Begin PBXGroup section */
		21C8BE692A14913400308BEF /* DetailPage */ = {
			isa = PBXGroup;
			children = (
				214099AF2A0B649800F846AC /* DetailPageView.swift */,
			);
			path = DetailPage;
			sourceTree = "<group>";
		};
		21C8BE6A2A14913F00308BEF /* SearchPage */ = {
			isa = PBXGroup;
			children = (
				21C8BE672A0CCDE700308BEF /* SearchPageView.swift */,
			);
			path = SearchPage;
			sourceTree = "<group>";
		};
		57E8A24A2A0B32C300AFFEAA = {
			isa = PBXGroup;
			children = (
				57E8A2552A0B32C300AFFEAA /* BookfelTower */,
				57E8A2542A0B32C300AFFEAA /* Products */,
			);
			sourceTree = "<group>";
		};
		57E8A2542A0B32C300AFFEAA /* Products */ = {
			isa = PBXGroup;
			children = (
				57E8A2532A0B32C300AFFEAA /* BookfelTower.app */,
			);
			name = Products;
			sourceTree = "<group>";
		};
		57E8A2552A0B32C300AFFEAA /* BookfelTower */ = {
			isa = PBXGroup;
			children = (
				57A2C7362A1DE44F00396FC2 /* Info.plist */,
				57E8A2562A0B32C300AFFEAA /* BookfelTowerApp.swift */,
				57E8A2662A0B332700AFFEAA /* Home */,
				57E8A2652A0B331600AFFEAA /* Services */,
				57E8A2642A0B331000AFFEAA /* Models */,
				57E8A25A2A0B32C400AFFEAA /* Assets.xcassets */,
				57E8A25C2A0B32C400AFFEAA /* Preview Content */,
			);
			path = BookfelTower;
			sourceTree = "<group>";
		};
		57E8A25C2A0B32C400AFFEAA /* Preview Content */ = {
			isa = PBXGroup;
			children = (
				57E8A25D2A0B32C400AFFEAA /* Preview Assets.xcassets */,
			);
			path = "Preview Content";
			sourceTree = "<group>";
		};
		57E8A2642A0B331000AFFEAA /* Models */ = {
			isa = PBXGroup;
			children = (
				57E8A2672A0B336900AFFEAA /* BookModel.swift */,
			);
			path = Models;
			sourceTree = "<group>";
		};
		57E8A2652A0B331600AFFEAA /* Services */ = {
			isa = PBXGroup;
			children = (
				57E8A2692A0B337A00AFFEAA /* BookAPIService.swift */,
				57E8A2732A149ECE00AFFEAA /* searchResult.json */,
				57E8A2752A149EF100AFFEAA /* itemResult.json */,
			);
			path = Services;
			sourceTree = "<group>";
		};
		57E8A2662A0B332700AFFEAA /* Home */ = {
			isa = PBXGroup;
			children = (
				57E8A26B2A0B338800AFFEAA /* HomeView.swift */,
				21C8BE692A14913400308BEF /* DetailPage */,
				21C8BE6A2A14913F00308BEF /* SearchPage */,
			);
			path = Home;
			sourceTree = "<group>";
		};
/* End PBXGroup section */

/* Begin PBXNativeTarget section */
		57E8A2522A0B32C300AFFEAA /* BookfelTower */ = {
			isa = PBXNativeTarget;
			buildConfigurationList = 57E8A2612A0B32C400AFFEAA /* Build configuration list for PBXNativeTarget "BookfelTower" */;
			buildPhases = (
				57E8A24F2A0B32C300AFFEAA /* Sources */,
				57E8A2502A0B32C300AFFEAA /* Frameworks */,
				57E8A2512A0B32C300AFFEAA /* Resources */,
			);
			buildRules = (
			);
			dependencies = (
			);
			name = BookfelTower;
			productName = BookfelTower;
			productReference = 57E8A2532A0B32C300AFFEAA /* BookfelTower.app */;
			productType = "com.apple.product-type.application";
		};
/* End PBXNativeTarget section */

/* Begin PBXProject section */
		57E8A24B2A0B32C300AFFEAA /* Project object */ = {
			isa = PBXProject;
			attributes = {
				BuildIndependentTargetsInParallel = 1;
				LastSwiftUpdateCheck = 1430;
				LastUpgradeCheck = 1430;
				TargetAttributes = {
					57E8A2522A0B32C300AFFEAA = {
						CreatedOnToolsVersion = 14.3;
					};
				};
			};
			buildConfigurationList = 57E8A24E2A0B32C300AFFEAA /* Build configuration list for PBXProject "BookfelTower" */;
			compatibilityVersion = "Xcode 14.0";
			developmentRegion = en;
			hasScannedForEncodings = 0;
			knownRegions = (
				en,
				Base,
			);
			mainGroup = 57E8A24A2A0B32C300AFFEAA;
			productRefGroup = 57E8A2542A0B32C300AFFEAA /* Products */;
			projectDirPath = "";
			projectRoot = "";
			targets = (
				57E8A2522A0B32C300AFFEAA /* BookfelTower */,
			);
		};
/* End PBXProject section */

/* Begin PBXResourcesBuildPhase section */
		57E8A2512A0B32C300AFFEAA /* Resources */ = {
			isa = PBXResourcesBuildPhase;
			buildActionMask = 2147483647;
			files = (
				57E8A2742A149ECE00AFFEAA /* searchResult.json in Resources */,
				57E8A2762A149EF100AFFEAA /* itemResult.json in Resources */,
				57E8A25E2A0B32C400AFFEAA /* Preview Assets.xcassets in Resources */,
				57E8A25B2A0B32C400AFFEAA /* Assets.xcassets in Resources */,
			);
			runOnlyForDeploymentPostprocessing = 0;
		};
/* End PBXResourcesBuildPhase section */

/* Begin PBXSourcesBuildPhase section */
		57E8A24F2A0B32C300AFFEAA /* Sources */ = {
			isa = PBXSourcesBuildPhase;
			buildActionMask = 2147483647;
			files = (
				214099B02A0B649800F846AC /* DetailPageView.swift in Sources */,
				21C8BE682A0CCDE700308BEF /* SearchPageView.swift in Sources */,
				57E8A26A2A0B337A00AFFEAA /* BookAPIService.swift in Sources */,
				57E8A2682A0B336900AFFEAA /* BookModel.swift in Sources */,
				57E8A26C2A0B338800AFFEAA /* HomeView.swift in Sources */,
				57E8A2572A0B32C300AFFEAA /* BookfelTowerApp.swift in Sources */,
			);
			runOnlyForDeploymentPostprocessing = 0;
		};
/* End PBXSourcesBuildPhase section */

/* Begin XCBuildConfiguration section */
		57E8A25F2A0B32C400AFFEAA /* Debug */ = {
			isa = XCBuildConfiguration;
			buildSettings = {
				ALWAYS_SEARCH_USER_PATHS = NO;
				CLANG_ANALYZER_NONNULL = YES;
				CLANG_ANALYZER_NUMBER_OBJECT_CONVERSION = YES_AGGRESSIVE;
				CLANG_CXX_LANGUAGE_STANDARD = "gnu++20";
				CLANG_ENABLE_MODULES = YES;
				CLANG_ENABLE_OBJC_ARC = YES;
				CLANG_ENABLE_OBJC_WEAK = YES;
				CLANG_WARN_BLOCK_CAPTURE_AUTORELEASING = YES;
				CLANG_WARN_BOOL_CONVERSION = YES;
				CLANG_WARN_COMMA = YES;
				CLANG_WARN_CONSTANT_CONVERSION = YES;
				CLANG_WARN_DEPRECATED_OBJC_IMPLEMENTATIONS = YES;
				CLANG_WARN_DIRECT_OBJC_ISA_USAGE = YES_ERROR;
				CLANG_WARN_DOCUMENTATION_COMMENTS = YES;
				CLANG_WARN_EMPTY_BODY = YES;
				CLANG_WARN_ENUM_CONVERSION = YES;
				CLANG_WARN_INFINITE_RECURSION = YES;
				CLANG_WARN_INT_CONVERSION = YES;
				CLANG_WARN_NON_LITERAL_NULL_CONVERSION = YES;
				CLANG_WARN_OBJC_IMPLICIT_RETAIN_SELF = YES;
				CLANG_WARN_OBJC_LITERAL_CONVERSION = YES;
				CLANG_WARN_OBJC_ROOT_CLASS = YES_ERROR;
				CLANG_WARN_QUOTED_INCLUDE_IN_FRAMEWORK_HEADER = YES;
				CLANG_WARN_RANGE_LOOP_ANALYSIS = YES;
				CLANG_WARN_STRICT_PROTOTYPES = YES;
				CLANG_WARN_SUSPICIOUS_MOVE = YES;
				CLANG_WARN_UNGUARDED_AVAILABILITY = YES_AGGRESSIVE;
				CLANG_WARN_UNREACHABLE_CODE = YES;
				CLANG_WARN__DUPLICATE_METHOD_MATCH = YES;
				COPY_PHASE_STRIP = NO;
				DEBUG_INFORMATION_FORMAT = dwarf;
				ENABLE_STRICT_OBJC_MSGSEND = YES;
				ENABLE_TESTABILITY = YES;
				GCC_C_LANGUAGE_STANDARD = gnu11;
				GCC_DYNAMIC_NO_PIC = NO;
				GCC_NO_COMMON_BLOCKS = YES;
				GCC_OPTIMIZATION_LEVEL = 0;
				GCC_PREPROCESSOR_DEFINITIONS = (
					"DEBUG=1",
					"$(inherited)",
				);
				GCC_WARN_64_TO_32_BIT_CONVERSION = YES;
				GCC_WARN_ABOUT_RETURN_TYPE = YES_ERROR;
				GCC_WARN_UNDECLARED_SELECTOR = YES;
				GCC_WARN_UNINITIALIZED_AUTOS = YES_AGGRESSIVE;
				GCC_WARN_UNUSED_FUNCTION = YES;
				GCC_WARN_UNUSED_VARIABLE = YES;
				IPHONEOS_DEPLOYMENT_TARGET = 16.4;
				MTL_ENABLE_DEBUG_INFO = INCLUDE_SOURCE;
				MTL_FAST_MATH = YES;
				ONLY_ACTIVE_ARCH = YES;
				SDKROOT = iphoneos;
				SWIFT_ACTIVE_COMPILATION_CONDITIONS = DEBUG;
				SWIFT_OPTIMIZATION_LEVEL = "-Onone";
			};
			name = Debug;
		};
		57E8A2602A0B32C400AFFEAA /* Release */ = {
			isa = XCBuildConfiguration;
			buildSettings = {
				ALWAYS_SEARCH_USER_PATHS = NO;
				CLANG_ANALYZER_NONNULL = YES;
				CLANG_ANALYZER_NUMBER_OBJECT_CONVERSION = YES_AGGRESSIVE;
				CLANG_CXX_LANGUAGE_STANDARD = "gnu++20";
				CLANG_ENABLE_MODULES = YES;
				CLANG_ENABLE_OBJC_ARC = YES;
				CLANG_ENABLE_OBJC_WEAK = YES;
				CLANG_WARN_BLOCK_CAPTURE_AUTORELEASING = YES;
				CLANG_WARN_BOOL_CONVERSION = YES;
				CLANG_WARN_COMMA = YES;
				CLANG_WARN_CONSTANT_CONVERSION = YES;
				CLANG_WARN_DEPRECATED_OBJC_IMPLEMENTATIONS = YES;
				CLANG_WARN_DIRECT_OBJC_ISA_USAGE = YES_ERROR;
				CLANG_WARN_DOCUMENTATION_COMMENTS = YES;
				CLANG_WARN_EMPTY_BODY = YES;
				CLANG_WARN_ENUM_CONVERSION = YES;
				CLANG_WARN_INFINITE_RECURSION = YES;
				CLANG_WARN_INT_CONVERSION = YES;
				CLANG_WARN_NON_LITERAL_NULL_CONVERSION = YES;
				CLANG_WARN_OBJC_IMPLICIT_RETAIN_SELF = YES;
				CLANG_WARN_OBJC_LITERAL_CONVERSION = YES;
				CLANG_WARN_OBJC_ROOT_CLASS = YES_ERROR;
				CLANG_WARN_QUOTED_INCLUDE_IN_FRAMEWORK_HEADER = YES;
				CLANG_WARN_RANGE_LOOP_ANALYSIS = YES;
				CLANG_WARN_STRICT_PROTOTYPES = YES;
				CLANG_WARN_SUSPICIOUS_MOVE = YES;
				CLANG_WARN_UNGUARDED_AVAILABILITY = YES_AGGRESSIVE;
				CLANG_WARN_UNREACHABLE_CODE = YES;
				CLANG_WARN__DUPLICATE_METHOD_MATCH = YES;
				COPY_PHASE_STRIP = NO;
				DEBUG_INFORMATION_FORMAT = "dwarf-with-dsym";
				ENABLE_NS_ASSERTIONS = NO;
				ENABLE_STRICT_OBJC_MSGSEND = YES;
				GCC_C_LANGUAGE_STANDARD = gnu11;
				GCC_NO_COMMON_BLOCKS = YES;
				GCC_WARN_64_TO_32_BIT_CONVERSION = YES;
				GCC_WARN_ABOUT_RETURN_TYPE = YES_ERROR;
				GCC_WARN_UNDECLARED_SELECTOR = YES;
				GCC_WARN_UNINITIALIZED_AUTOS = YES_AGGRESSIVE;
				GCC_WARN_UNUSED_FUNCTION = YES;
				GCC_WARN_UNUSED_VARIABLE = YES;
				IPHONEOS_DEPLOYMENT_TARGET = 16.4;
				MTL_ENABLE_DEBUG_INFO = NO;
				MTL_FAST_MATH = YES;
				SDKROOT = iphoneos;
				SWIFT_COMPILATION_MODE = wholemodule;
				SWIFT_OPTIMIZATION_LEVEL = "-O";
				VALIDATE_PRODUCT = YES;
			};
			name = Release;
		};
		57E8A2622A0B32C400AFFEAA /* Debug */ = {
			isa = XCBuildConfiguration;
			buildSettings = {
				ASSETCATALOG_COMPILER_APPICON_NAME = AppIcon;
				ASSETCATALOG_COMPILER_GLOBAL_ACCENT_COLOR_NAME = AccentColor;
				CODE_SIGN_STYLE = Automatic;
				CURRENT_PROJECT_VERSION = 1;
				DEVELOPMENT_ASSET_PATHS = "\"BookfelTower/Preview Content\"";
				DEVELOPMENT_TEAM = YTV3AHP8X4;
				ENABLE_PREVIEWS = YES;
				GENERATE_INFOPLIST_FILE = YES;
				INFOPLIST_FILE = BookfelTower/Info.plist;
				INFOPLIST_KEY_CFBundleDisplayName = "";
				INFOPLIST_KEY_LSApplicationCategoryType = "";
				INFOPLIST_KEY_UIApplicationSceneManifest_Generation = YES;
				INFOPLIST_KEY_UIApplicationSupportsIndirectInputEvents = YES;
				INFOPLIST_KEY_UILaunchScreen_Generation = YES;
				INFOPLIST_KEY_UISupportedInterfaceOrientations_iPad = "UIInterfaceOrientationPortrait UIInterfaceOrientationPortraitUpsideDown UIInterfaceOrientationLandscapeLeft UIInterfaceOrientationLandscapeRight";
				INFOPLIST_KEY_UISupportedInterfaceOrientations_iPhone = "UIInterfaceOrientationPortrait UIInterfaceOrientationLandscapeLeft UIInterfaceOrientationLandscapeRight";
				LD_RUNPATH_SEARCH_PATHS = (
					"$(inherited)",
					"@executable_path/Frameworks",
				);
				MARKETING_VERSION = 1.0;
				PRODUCT_BUNDLE_IDENTIFIER = alexcho617.BookfelTower;
				PRODUCT_NAME = "$(TARGET_NAME)";
				SWIFT_EMIT_LOC_STRINGS = YES;
				SWIFT_VERSION = 5.0;
				TARGETED_DEVICE_FAMILY = "1,2";
			};
			name = Debug;
		};
		57E8A2632A0B32C400AFFEAA /* Release */ = {
			isa = XCBuildConfiguration;
			buildSettings = {
				ASSETCATALOG_COMPILER_APPICON_NAME = AppIcon;
				ASSETCATALOG_COMPILER_GLOBAL_ACCENT_COLOR_NAME = AccentColor;
				CODE_SIGN_STYLE = Automatic;
				CURRENT_PROJECT_VERSION = 1;
				DEVELOPMENT_ASSET_PATHS = "\"BookfelTower/Preview Content\"";
				DEVELOPMENT_TEAM = YTV3AHP8X4;
				ENABLE_PREVIEWS = YES;
				GENERATE_INFOPLIST_FILE = YES;
				INFOPLIST_FILE = BookfelTower/Info.plist;
				INFOPLIST_KEY_CFBundleDisplayName = "";
				INFOPLIST_KEY_LSApplicationCategoryType = "";
				INFOPLIST_KEY_UIApplicationSceneManifest_Generation = YES;
				INFOPLIST_KEY_UIApplicationSupportsIndirectInputEvents = YES;
				INFOPLIST_KEY_UILaunchScreen_Generation = YES;
				INFOPLIST_KEY_UISupportedInterfaceOrientations_iPad = "UIInterfaceOrientationPortrait UIInterfaceOrientationPortraitUpsideDown UIInterfaceOrientationLandscapeLeft UIInterfaceOrientationLandscapeRight";
				INFOPLIST_KEY_UISupportedInterfaceOrientations_iPhone = "UIInterfaceOrientationPortrait UIInterfaceOrientationLandscapeLeft UIInterfaceOrientationLandscapeRight";
				LD_RUNPATH_SEARCH_PATHS = (
					"$(inherited)",
					"@executable_path/Frameworks",
				);
				MARKETING_VERSION = 1.0;
				PRODUCT_BUNDLE_IDENTIFIER = alexcho617.BookfelTower;
				PRODUCT_NAME = "$(TARGET_NAME)";
				SWIFT_EMIT_LOC_STRINGS = YES;
				SWIFT_VERSION = 5.0;
				TARGETED_DEVICE_FAMILY = "1,2";
			};
			name = Release;
		};
/* End XCBuildConfiguration section */

/* Begin XCConfigurationList section */
		57E8A24E2A0B32C300AFFEAA /* Build configuration list for PBXProject "BookfelTower" */ = {
			isa = XCConfigurationList;
			buildConfigurations = (
				57E8A25F2A0B32C400AFFEAA /* Debug */,
				57E8A2602A0B32C400AFFEAA /* Release */,
			);
			defaultConfigurationIsVisible = 0;
			defaultConfigurationName = Release;
		};
		57E8A2612A0B32C400AFFEAA /* Build configuration list for PBXNativeTarget "BookfelTower" */ = {
			isa = XCConfigurationList;
			buildConfigurations = (
				57E8A2622A0B32C400AFFEAA /* Debug */,
				57E8A2632A0B32C400AFFEAA /* Release */,
			);
			defaultConfigurationIsVisible = 0;
			defaultConfigurationName = Release;
		};
/* End XCConfigurationList section */
	};
	rootObject = 57E8A24B2A0B32C300AFFEAA /* Project object */;
}
